github.com/hugo-fixit/FixIt v0.4.0-alpha.2.0.20251201065438-053e5b4bd086 h1:5NieL34nToDwalFQsGfdAba/bVg8CGE0BWRnozg2iaU=
github.com/hugo-fixit/FixIt v0.4.0-alpha.2.0.20251201065438-053e5b4bd086/go.mod h1:3XIRedrqakO7/a4ZnhE46haMRF8HgsT0N0B5j5D2iRU=
github.com/hugo-fixit/fixit-bundle v1.5.11 h1:zlt/b2/lmBhiBCKW2iwS1qkdkgmVXo7OE2OdrrV22BQ=
github.com/hugo-fixit/fixit-bundle v1.5.11/go.mod h1:AleMhoVpHTiT/1KLtdZp1cU32eyhSrabqd+vU6j1l/E=
